{
  "name": "cremb_xcx_v3.0",
  "version": "1.0.0",
  "lockfileVersion": 1,
  "requires": true,
  "dependencies": {
    "vant-weapp": {
      "version": "0.5.19",
      "resolved": "https://registry.npmjs.org/vant-weapp/-/vant-weapp-0.5.19.tgz",
      "integrity": "sha512-/ixRsmyPgghw7qFghC/uBih62SK/GJRWxhCvvbnRt/M9w7gCAGS73KPReaQ2vFSqmNqn50gqWb/IpSDP9pYxMQ=="
    }
  }
}
